<?xml version="1.0" encoding="utf-8"?>
<Project ToolsVersion="4.0" xmlns="http://schemas.microsoft.com/developer/msbuild/2003">
  <ItemGroup>
    <Filter Include="Source Files">
      <UniqueIdentifier>{08dfb5c8-1a81-4618-9139-3012dae5abba}</UniqueIdentifier>
      <Extensions>cpp;c;cxx;rc;def;r;odl;idl;hpj;bat</Extensions>
    </Filter>
    <Filter Include="Header Files">
      <UniqueIdentifier>{2e1a4a26-c051-49e2-b604-a7f8d4cb283c}</UniqueIdentifier>
      <Extensions>h;hpp;hxx;hm;inl</Extensions>
    </Filter>
  </ItemGroup>
  <ItemGroup>
    <ClCompile Include="audio.c">
      <Filter>Source Files</Filter>
    </ClCompile>
    <ClCompile Include="..\common\faad\getopt.c">
      <Filter>Source Files</Filter>
    </ClCompile>
    <ClCompile Include="main.c">
      <Filter>Source Files</Filter>
    </ClCompile>
  </ItemGroup>
  <ItemGroup>
    <ClInclude Include="audio.h">
      <Filter>Header Files</Filter>
    </ClInclude>
    <ClInclude Include="..\common\faad\getopt.h">
      <Filter>Header Files</Filter>
    </ClInclude>
    <ClInclude Include="..\common\mp4v2\mp4.h">
      <Filter>Header Files</Filter>
    </ClInclude>
    <ClInclude Include="..\common\mp4v2\mpeg4ip.h">
      <Filter>Header Files</Filter>
    </ClInclude>
    <ClInclude Include="..\include\neaacdec.h">
      <Filter>Header Files</Filter>
    </ClInclude>
    <ClInclude Include="..\common\mp4v2\systems.h">
      <Filter>Header Files</Filter>
    </ClInclude>
    <ClInclude Include="..\common\mp4v2\win32_ver.h">
      <Filter>Header Files</Filter>
    </ClInclude>
  </ItemGroup>
</Project>