<?xml version="1.0" encoding="utf-8"?>
<Project ToolsVersion="4.0" xmlns="http://schemas.microsoft.com/developer/msbuild/2003">
  <ItemGroup>
    <Filter Include="Source Files">
      <UniqueIdentifier>{849ba11d-96c7-4bb9-bf6b-df5278cacc09}</UniqueIdentifier>
      <Extensions>cpp;c;cxx;rc;def;r;odl;idl;hpj;bat</Extensions>
    </Filter>
    <Filter Include="Header Files">
      <UniqueIdentifier>{964245f2-77e1-46de-8165-5bf5d078dcb7}</UniqueIdentifier>
      <Extensions>h;hpp;hxx;hm;inl</Extensions>
    </Filter>
  </ItemGroup>
  <ItemGroup>
    <ClCompile Include="mp4atom.c">
      <Filter>Source Files</Filter>
    </ClCompile>
    <ClCompile Include="mp4ff.c">
      <Filter>Source Files</Filter>
    </ClCompile>
    <ClCompile Include="mp4meta.c">
      <Filter>Source Files</Filter>
    </ClCompile>
    <ClCompile Include="mp4sample.c">
      <Filter>Source Files</Filter>
    </ClCompile>
    <ClCompile Include="mp4tagupdate.c">
      <Filter>Source Files</Filter>
    </ClCompile>
    <ClCompile Include="mp4util.c">
      <Filter>Source Files</Filter>
    </ClCompile>
  </ItemGroup>
  <ItemGroup>
    <ClInclude Include="drmstables.h">
      <Filter>Header Files</Filter>
    </ClInclude>
    <ClInclude Include="mp4ff.h">
      <Filter>Header Files</Filter>
    </ClInclude>
    <ClInclude Include="mp4ff_int_types.h">
      <Filter>Header Files</Filter>
    </ClInclude>
    <ClInclude Include="mp4ffint.h">
      <Filter>Header Files</Filter>
    </ClInclude>
  </ItemGroup>
</Project>